// !$*UTF8*$!
{
	archiveVersion = 1;
	classes = {
	};
	objectVersion = 56;
	objects = {

/* Begin PBXBuildFile section */
		8D0E58182D78621C00CC8FB8 /* MovieListApp.swift in Sources */ = {isa = PBXBuildFile; fileRef = 8D0E58172D78621C00CC8FB8 /* MovieListApp.swift */; };
		8D0E581C2D78621F00CC8FB8 /* Assets.xcassets in Resources */ = {isa = PBXBuildFile; fileRef = 8D0E581B2D78621F00CC8FB8 /* Assets.xcassets */; };
		8D0E581F2D78621F00CC8FB8 /* Preview Assets.xcassets in Resources */ = {isa = PBXBuildFile; fileRef = 8D0E581E2D78621F00CC8FB8 /* Preview Assets.xcassets */; };
		8D0E58272D7864F100CC8FB8 /* Alamofire in Frameworks */ = {isa = PBXBuildFile; productRef = 8D0E58262D7864F100CC8FB8 /* Alamofire */; };
		8D0E582C2D7866B600CC8FB8 /* MoviesListPage.swift in Sources */ = {isa = PBXBuildFile; fileRef = 8D0E582B2D7866B600CC8FB8 /* MoviesListPage.swift */; };
		8D0E582E2D7866EF00CC8FB8 /* MoviesAPIClient.swift in Sources */ = {isa = PBXBuildFile; fileRef = 8D0E582D2D7866EF00CC8FB8 /* MoviesAPIClient.swift */; };
		8DC2F7B42D79B0D000802812 /* MovieListModel.swift in Sources */ = {isa = PBXBuildFile; fileRef = 8DC2F7B32D79B0D000802812 /* MovieListModel.swift */; };
		8DC2F7B82D79B21300802812 /* MovielistViewModel.swift in Sources */ = {isa = PBXBuildFile; fileRef = 8DC2F7B72D79B21300802812 /* MovielistViewModel.swift */; };
		8DC2F7BC2D79B3F900802812 /* DefaultBG.swift in Sources */ = {isa = PBXBuildFile; fileRef = 8DC2F7BB2D79B3F900802812 /* DefaultBG.swift */; };
		8DC2F7BE2D79B62100802812 /* HeadingStyle.swift in Sources */ = {isa = PBXBuildFile; fileRef = 8DC2F7BD2D79B62100802812 /* HeadingStyle.swift */; };
		8DC2F7C02D7AB39600802812 /* hardcodeData.swift in Sources */ = {isa = PBXBuildFile; fileRef = 8DC2F7BF2D7AB39600802812 /* hardcodeData.swift */; };
		8DC2F7C22D7AB9B700802812 /* DecodableWrapper.swift in Sources */ = {isa = PBXBuildFile; fileRef = 8DC2F7C12D7AB9B700802812 /* DecodableWrapper.swift */; };
		8DC2F7C42D7AC21E00802812 /* MovieListCell.swift in Sources */ = {isa = PBXBuildFile; fileRef = 8DC2F7C32D7AC21E00802812 /* MovieListCell.swift */; };
		8DC2F7C82D7AC5F600802812 /* DownloadImageAsyncVM.swift in Sources */ = {isa = PBXBuildFile; fileRef = 8DC2F7C72D7AC5F600802812 /* DownloadImageAsyncVM.swift */; };
		8DC2F7CB2D7AC66000802812 /* DownloadImageAsyncLoader.swift in Sources */ = {isa = PBXBuildFile; fileRef = 8DC2F7CA2D7AC66000802812 /* DownloadImageAsyncLoader.swift */; };
/* End PBXBuildFile section */

/* Begin PBXFileReference section */
		8D0E58142D78621C00CC8FB8 /* MovieList.app */ = {isa = PBXFileReference; explicitFileType = wrapper.application; includeInIndex = 0; path = MovieList.app; sourceTree = BUILT_PRODUCTS_DIR; };
		8D0E58172D78621C00CC8FB8 /* MovieListApp.swift */ = {isa = PBXFileReference; lastKnownFileType = sourcecode.swift; path = MovieListApp.swift; sourceTree = "<group>"; };
		8D0E581B2D78621F00CC8FB8 /* Assets.xcassets */ = {isa = PBXFileReference; lastKnownFileType = folder.assetcatalog; path = Assets.xcassets; sourceTree = "<group>"; };
		8D0E581E2D78621F00CC8FB8 /* Preview Assets.xcassets */ = {isa = PBXFileReference; lastKnownFileType = folder.assetcatalog; path = "Preview Assets.xcassets"; sourceTree = "<group>"; };
		8D0E582B2D7866B600CC8FB8 /* MoviesListPage.swift */ = {isa = PBXFileReference; lastKnownFileType = sourcecode.swift; path = MoviesListPage.swift; sourceTree = "<group>"; };
		8D0E582D2D7866EF00CC8FB8 /* MoviesAPIClient.swift */ = {isa = PBXFileReference; lastKnownFileType = sourcecode.swift; path = MoviesAPIClient.swift; sourceTree = "<group>"; };
		8DC2F7B32D79B0D000802812 /* MovieListModel.swift */ = {isa = PBXFileReference; lastKnownFileType = sourcecode.swift; path = MovieListModel.swift; sourceTree = "<group>"; };
		8DC2F7B72D79B21300802812 /* MovielistViewModel.swift */ = {isa = PBXFileReference; lastKnownFileType = sourcecode.swift; path = MovielistViewModel.swift; sourceTree = "<group>"; };
		8DC2F7BB2D79B3F900802812 /* DefaultBG.swift */ = {isa = PBXFileReference; lastKnownFileType = sourcecode.swift; path = DefaultBG.swift; sourceTree = "<group>"; };
		8DC2F7BD2D79B62100802812 /* HeadingStyle.swift */ = {isa = PBXFileReference; lastKnownFileType = sourcecode.swift; path = HeadingStyle.swift; sourceTree = "<group>"; };
		8DC2F7BF2D7AB39600802812 /* hardcodeData.swift */ = {isa = PBXFileReference; lastKnownFileType = sourcecode.swift; path = hardcodeData.swift; sourceTree = "<group>"; };
		8DC2F7C12D7AB9B700802812 /* DecodableWrapper.swift */ = {isa = PBXFileReference; lastKnownFileType = sourcecode.swift; path = DecodableWrapper.swift; sourceTree = "<group>"; };
		8DC2F7C32D7AC21E00802812 /* MovieListCell.swift */ = {isa = PBXFileReference; lastKnownFileType = sourcecode.swift; path = MovieListCell.swift; sourceTree = "<group>"; };
		8DC2F7C72D7AC5F600802812 /* DownloadImageAsyncVM.swift */ = {isa = PBXFileReference; lastKnownFileType = sourcecode.swift; path = DownloadImageAsyncVM.swift; sourceTree = "<group>"; };
		8DC2F7CA2D7AC66000802812 /* DownloadImageAsyncLoader.swift */ = {isa = PBXFileReference; lastKnownFileType = sourcecode.swift; path = DownloadImageAsyncLoader.swift; sourceTree = "<group>"; };
/* End PBXFileReference section */

/* Begin PBXFrameworksBuildPhase section */
		8D0E58112D78621C00CC8FB8 /* Frameworks */ = {
			isa = PBXFrameworksBuildPhase;
			buildActionMask = 2147483647;
			files = (
				8D0E58272D7864F100CC8FB8 /* Alamofire in Frameworks */,
			);
			runOnlyForDeploymentPostprocessing = 0;
		};
/* End PBXFrameworksBuildPhase section */

/* Begin PBXGroup section */
		8D0E580B2D78621C00CC8FB8 = {
			isa = PBXGroup;
			children = (
				8D0E58162D78621C00CC8FB8 /* MovieList */,
				8D0E58152D78621C00CC8FB8 /* Products */,
			);
			sourceTree = "<group>";
		};
		8D0E58152D78621C00CC8FB8 /* Products */ = {
			isa = PBXGroup;
			children = (
				8D0E58142D78621C00CC8FB8 /* MovieList.app */,
			);
			name = Products;
			sourceTree = "<group>";
		};
		8D0E58162D78621C00CC8FB8 /* MovieList */ = {
			isa = PBXGroup;
			children = (
				8D0E58172D78621C00CC8FB8 /* MovieListApp.swift */,
				8DC2F7B52D79B1BF00802812 /* Dashboard */,
				8DC2F7B22D79B07500802812 /* Model */,
				8D0E582A2D7866A000CC8FB8 /* API */,
				8DC2F7C92D7AC63A00802812 /* DownloadImageAsyncLoader */,
				8DC2F7B92D79B3C700802812 /* Utilities */,
				8D0E581B2D78621F00CC8FB8 /* Assets.xcassets */,
				8D0E581D2D78621F00CC8FB8 /* Preview Content */,
			);
			path = MovieList;
			sourceTree = "<group>";
		};
		8D0E581D2D78621F00CC8FB8 /* Preview Content */ = {
			isa = PBXGroup;
			children = (
				8D0E581E2D78621F00CC8FB8 /* Preview Assets.xcassets */,
			);
			path = "Preview Content";
			sourceTree = "<group>";
		};
		8D0E582A2D7866A000CC8FB8 /* API */ = {
			isa = PBXGroup;
			children = (
				8D0E582D2D7866EF00CC8FB8 /* MoviesAPIClient.swift */,
			);
			path = API;
			sourceTree = "<group>";
		};
		8DC2F7B22D79B07500802812 /* Model */ = {
			isa = PBXGroup;
			children = (
				8DC2F7B32D79B0D000802812 /* MovieListModel.swift */,
			);
			path = Model;
			sourceTree = "<group>";
		};
		8DC2F7B52D79B1BF00802812 /* Dashboard */ = {
			isa = PBXGroup;
			children = (
				8DC2F7B62D79B1F000802812 /* DashboardViewModel */,
				8D0E582B2D7866B600CC8FB8 /* MoviesListPage.swift */,
				8DC2F7C32D7AC21E00802812 /* MovieListCell.swift */,
			);
			path = Dashboard;
			sourceTree = "<group>";
		};
		8DC2F7B62D79B1F000802812 /* DashboardViewModel */ = {
			isa = PBXGroup;
			children = (
				8DC2F7B72D79B21300802812 /* MovielistViewModel.swift */,
				8DC2F7C72D7AC5F600802812 /* DownloadImageAsyncVM.swift */,
			);
			path = DashboardViewModel;
			sourceTree = "<group>";
		};
		8DC2F7B92D79B3C700802812 /* Utilities */ = {
			isa = PBXGroup;
			children = (
				8DC2F7BA2D79B3E800802812 /* Styles */,
				8DC2F7BF2D7AB39600802812 /* hardcodeData.swift */,
				8DC2F7C12D7AB9B700802812 /* DecodableWrapper.swift */,
			);
			path = Utilities;
			sourceTree = "<group>";
		};
		8DC2F7BA2D79B3E800802812 /* Styles */ = {
			isa = PBXGroup;
			children = (
				8DC2F7BB2D79B3F900802812 /* DefaultBG.swift */,
				8DC2F7BD2D79B62100802812 /* HeadingStyle.swift */,
			);
			path = Styles;
			sourceTree = "<group>";
		};
		8DC2F7C92D7AC63A00802812 /* DownloadImageAsyncLoader */ = {
			isa = PBXGroup;
			children = (
				8DC2F7CA2D7AC66000802812 /* DownloadImageAsyncLoader.swift */,
			);
			path = DownloadImageAsyncLoader;
			sourceTree = "<group>";
		};
/* End PBXGroup section */

/* Begin PBXNativeTarget section */
		8D0E58132D78621C00CC8FB8 /* MovieList */ = {
			isa = PBXNativeTarget;
			buildConfigurationList = 8D0E58222D78621F00CC8FB8 /* Build configuration list for PBXNativeTarget "MovieList" */;
			buildPhases = (
				8D0E58102D78621C00CC8FB8 /* Sources */,
				8D0E58112D78621C00CC8FB8 /* Frameworks */,
				8D0E58122D78621C00CC8FB8 /* Resources */,
			);
			buildRules = (
			);
			dependencies = (
			);
			name = MovieList;
			packageProductDependencies = (
				8D0E58262D7864F100CC8FB8 /* Alamofire */,
			);
			productName = MovieList;
			productReference = 8D0E58142D78621C00CC8FB8 /* MovieList.app */;
			productType = "com.apple.product-type.application";
		};
/* End PBXNativeTarget section */

/* Begin PBXProject section */
		8D0E580C2D78621C00CC8FB8 /* Project object */ = {
			isa = PBXProject;
			attributes = {
				BuildIndependentTargetsInParallel = 1;
				LastSwiftUpdateCheck = 1540;
				LastUpgradeCheck = 1540;
				TargetAttributes = {
					8D0E58132D78621C00CC8FB8 = {
						CreatedOnToolsVersion = 15.4;
					};
				};
			};
			buildConfigurationList = 8D0E580F2D78621C00CC8FB8 /* Build configuration list for PBXProject "MovieList" */;
			compatibilityVersion = "Xcode 14.0";
			developmentRegion = en;
			hasScannedForEncodings = 0;
			knownRegions = (
				en,
				Base,
			);
			mainGroup = 8D0E580B2D78621C00CC8FB8;
			packageReferences = (
				8D0E58252D7864F100CC8FB8 /* XCRemoteSwiftPackageReference "Alamofire" */,
			);
			productRefGroup = 8D0E58152D78621C00CC8FB8 /* Products */;
			projectDirPath = "";
			projectRoot = "";
			targets = (
				8D0E58132D78621C00CC8FB8 /* MovieList */,
			);
		};
/* End PBXProject section */

/* Begin PBXResourcesBuildPhase section */
		8D0E58122D78621C00CC8FB8 /* Resources */ = {
			isa = PBXResourcesBuildPhase;
			buildActionMask = 2147483647;
			files = (
				8D0E581F2D78621F00CC8FB8 /* Preview Assets.xcassets in Resources */,
				8D0E581C2D78621F00CC8FB8 /* Assets.xcassets in Resources */,
			);
			runOnlyForDeploymentPostprocessing = 0;
		};
/* End PBXResourcesBuildPhase section */

/* Begin PBXSourcesBuildPhase section */
		8D0E58102D78621C00CC8FB8 /* Sources */ = {
			isa = PBXSourcesBuildPhase;
			buildActionMask = 2147483647;
			files = (
				8DC2F7C42D7AC21E00802812 /* MovieListCell.swift in Sources */,
				8DC2F7CB2D7AC66000802812 /* DownloadImageAsyncLoader.swift in Sources */,
				8DC2F7BC2D79B3F900802812 /* DefaultBG.swift in Sources */,
				8DC2F7C02D7AB39600802812 /* hardcodeData.swift in Sources */,
				8D0E582C2D7866B600CC8FB8 /* MoviesListPage.swift in Sources */,
				8DC2F7C22D7AB9B700802812 /* DecodableWrapper.swift in Sources */,
				8D0E58182D78621C00CC8FB8 /* MovieListApp.swift in Sources */,
				8DC2F7B42D79B0D000802812 /* MovieListModel.swift in Sources */,
				8DC2F7B82D79B21300802812 /* MovielistViewModel.swift in Sources */,
				8DC2F7BE2D79B62100802812 /* HeadingStyle.swift in Sources */,
				8DC2F7C82D7AC5F600802812 /* DownloadImageAsyncVM.swift in Sources */,
				8D0E582E2D7866EF00CC8FB8 /* MoviesAPIClient.swift in Sources */,
			);
			runOnlyForDeploymentPostprocessing = 0;
		};
/* End PBXSourcesBuildPhase section */

/* Begin XCBuildConfiguration section */
		8D0E58202D78621F00CC8FB8 /* Debug */ = {
			isa = XCBuildConfiguration;
			buildSettings = {
				ALWAYS_SEARCH_USER_PATHS = NO;
				ASSETCATALOG_COMPILER_GENERATE_SWIFT_ASSET_SYMBOL_EXTENSIONS = YES;
				CLANG_ANALYZER_NONNULL = YES;
				CLANG_ANALYZER_NUMBER_OBJECT_CONVERSION = YES_AGGRESSIVE;
				CLANG_CXX_LANGUAGE_STANDARD = "gnu++20";
				CLANG_ENABLE_MODULES = YES;
				CLANG_ENABLE_OBJC_ARC = YES;
				CLANG_ENABLE_OBJC_WEAK = YES;
				CLANG_WARN_BLOCK_CAPTURE_AUTORELEASING = YES;
				CLANG_WARN_BOOL_CONVERSION = YES;
				CLANG_WARN_COMMA = YES;
				CLANG_WARN_CONSTANT_CONVERSION = YES;
				CLANG_WARN_DEPRECATED_OBJC_IMPLEMENTATIONS = YES;
				CLANG_WARN_DIRECT_OBJC_ISA_USAGE = YES_ERROR;
				CLANG_WARN_DOCUMENTATION_COMMENTS = YES;
				CLANG_WARN_EMPTY_BODY = YES;
				CLANG_WARN_ENUM_CONVERSION = YES;
				CLANG_WARN_INFINITE_RECURSION = YES;
				CLANG_WARN_INT_CONVERSION = YES;
				CLANG_WARN_NON_LITERAL_NULL_CONVERSION = YES;
				CLANG_WARN_OBJC_IMPLICIT_RETAIN_SELF = YES;
				CLANG_WARN_OBJC_LITERAL_CONVERSION = YES;
				CLANG_WARN_OBJC_ROOT_CLASS = YES_ERROR;
				CLANG_WARN_QUOTED_INCLUDE_IN_FRAMEWORK_HEADER = YES;
				CLANG_WARN_RANGE_LOOP_ANALYSIS = YES;
				CLANG_WARN_STRICT_PROTOTYPES = YES;
				CLANG_WARN_SUSPICIOUS_MOVE = YES;
				CLANG_WARN_UNGUARDED_AVAILABILITY = YES_AGGRESSIVE;
				CLANG_WARN_UNREACHABLE_CODE = YES;
				CLANG_WARN__DUPLICATE_METHOD_MATCH = YES;
				COPY_PHASE_STRIP = NO;
				DEBUG_INFORMATION_FORMAT = dwarf;
				ENABLE_STRICT_OBJC_MSGSEND = YES;
				ENABLE_TESTABILITY = YES;
				ENABLE_USER_SCRIPT_SANDBOXING = YES;
				GCC_C_LANGUAGE_STANDARD = gnu17;
				GCC_DYNAMIC_NO_PIC = NO;
				GCC_NO_COMMON_BLOCKS = YES;
				GCC_OPTIMIZATION_LEVEL = 0;
				GCC_PREPROCESSOR_DEFINITIONS = (
					"DEBUG=1",
					"$(inherited)",
				);
				GCC_WARN_64_TO_32_BIT_CONVERSION = YES;
				GCC_WARN_ABOUT_RETURN_TYPE = YES_ERROR;
				GCC_WARN_UNDECLARED_SELECTOR = YES;
				GCC_WARN_UNINITIALIZED_AUTOS = YES_AGGRESSIVE;
				GCC_WARN_UNUSED_FUNCTION = YES;
				GCC_WARN_UNUSED_VARIABLE = YES;
				IPHONEOS_DEPLOYMENT_TARGET = 17.5;
				LOCALIZATION_PREFERS_STRING_CATALOGS = YES;
				MTL_ENABLE_DEBUG_INFO = INCLUDE_SOURCE;
				MTL_FAST_MATH = YES;
				ONLY_ACTIVE_ARCH = YES;
				SDKROOT = iphoneos;
				SWIFT_ACTIVE_COMPILATION_CONDITIONS = "DEBUG $(inherited)";
				SWIFT_OPTIMIZATION_LEVEL = "-Onone";
			};
			name = Debug;
		};
		8D0E58212D78621F00CC8FB8 /* Release */ = {
			isa = XCBuildConfiguration;
			buildSettings = {
				ALWAYS_SEARCH_USER_PATHS = NO;
				ASSETCATALOG_COMPILER_GENERATE_SWIFT_ASSET_SYMBOL_EXTENSIONS = YES;
				CLANG_ANALYZER_NONNULL = YES;
				CLANG_ANALYZER_NUMBER_OBJECT_CONVERSION = YES_AGGRESSIVE;
				CLANG_CXX_LANGUAGE_STANDARD = "gnu++20";
				CLANG_ENABLE_MODULES = YES;
				CLANG_ENABLE_OBJC_ARC = YES;
				CLANG_ENABLE_OBJC_WEAK = YES;
				CLANG_WARN_BLOCK_CAPTURE_AUTORELEASING = YES;
				CLANG_WARN_BOOL_CONVERSION = YES;
				CLANG_WARN_COMMA = YES;
				CLANG_WARN_CONSTANT_CONVERSION = YES;
				CLANG_WARN_DEPRECATED_OBJC_IMPLEMENTATIONS = YES;
				CLANG_WARN_DIRECT_OBJC_ISA_USAGE = YES_ERROR;
				CLANG_WARN_DOCUMENTATION_COMMENTS = YES;
				CLANG_WARN_EMPTY_BODY = YES;
				CLANG_WARN_ENUM_CONVERSION = YES;
				CLANG_WARN_INFINITE_RECURSION = YES;
				CLANG_WARN_INT_CONVERSION = YES;
				CLANG_WARN_NON_LITERAL_NULL_CONVERSION = YES;
				CLANG_WARN_OBJC_IMPLICIT_RETAIN_SELF = YES;
				CLANG_WARN_OBJC_LITERAL_CONVERSION = YES;
				CLANG_WARN_OBJC_ROOT_CLASS = YES_ERROR;
				CLANG_WARN_QUOTED_INCLUDE_IN_FRAMEWORK_HEADER = YES;
				CLANG_WARN_RANGE_LOOP_ANALYSIS = YES;
				CLANG_WARN_STRICT_PROTOTYPES = YES;
				CLANG_WARN_SUSPICIOUS_MOVE = YES;
				CLANG_WARN_UNGUARDED_AVAILABILITY = YES_AGGRESSIVE;
				CLANG_WARN_UNREACHABLE_CODE = YES;
				CLANG_WARN__DUPLICATE_METHOD_MATCH = YES;
				COPY_PHASE_STRIP = NO;
				DEBUG_INFORMATION_FORMAT = "dwarf-with-dsym";
				ENABLE_NS_ASSERTIONS = NO;
				ENABLE_STRICT_OBJC_MSGSEND = YES;
				ENABLE_USER_SCRIPT_SANDBOXING = YES;
				GCC_C_LANGUAGE_STANDARD = gnu17;
				GCC_NO_COMMON_BLOCKS = YES;
				GCC_WARN_64_TO_32_BIT_CONVERSION = YES;
				GCC_WARN_ABOUT_RETURN_TYPE = YES_ERROR;
				GCC_WARN_UNDECLARED_SELECTOR = YES;
				GCC_WARN_UNINITIALIZED_AUTOS = YES_AGGRESSIVE;
				GCC_WARN_UNUSED_FUNCTION = YES;
				GCC_WARN_UNUSED_VARIABLE = YES;
				IPHONEOS_DEPLOYMENT_TARGET = 17.5;
				LOCALIZATION_PREFERS_STRING_CATALOGS = YES;
				MTL_ENABLE_DEBUG_INFO = NO;
				MTL_FAST_MATH = YES;
				SDKROOT = iphoneos;
				SWIFT_COMPILATION_MODE = wholemodule;
				VALIDATE_PRODUCT = YES;
			};
			name = Release;
		};
		8D0E58232D78621F00CC8FB8 /* Debug */ = {
			isa = XCBuildConfiguration;
			buildSettings = {
				ASSETCATALOG_COMPILER_APPICON_NAME = AppIcon;
				ASSETCATALOG_COMPILER_GLOBAL_ACCENT_COLOR_NAME = AccentColor;
				CODE_SIGN_STYLE = Automatic;
				CURRENT_PROJECT_VERSION = 1;
				DEVELOPMENT_ASSET_PATHS = "\"MovieList/Preview Content\"";
				DEVELOPMENT_TEAM = R6G7L23BRG;
				ENABLE_PREVIEWS = YES;
				GENERATE_INFOPLIST_FILE = YES;
				INFOPLIST_KEY_UIApplicationSceneManifest_Generation = YES;
				INFOPLIST_KEY_UIApplicationSupportsIndirectInputEvents = YES;
				INFOPLIST_KEY_UILaunchScreen_Generation = YES;
				INFOPLIST_KEY_UISupportedInterfaceOrientations_iPad = "UIInterfaceOrientationPortrait UIInterfaceOrientationPortraitUpsideDown UIInterfaceOrientationLandscapeLeft UIInterfaceOrientationLandscapeRight";
				INFOPLIST_KEY_UISupportedInterfaceOrientations_iPhone = "UIInterfaceOrientationPortrait UIInterfaceOrientationLandscapeLeft UIInterfaceOrientationLandscapeRight";
				LD_RUNPATH_SEARCH_PATHS = (
					"$(inherited)",
					"@executable_path/Frameworks",
				);
				MARKETING_VERSION = 1.0;
				PRODUCT_BUNDLE_IDENTIFIER = com.AJS.MovieList;
				PRODUCT_NAME = "$(TARGET_NAME)";
				SWIFT_EMIT_LOC_STRINGS = YES;
				SWIFT_VERSION = 5.0;
				TARGETED_DEVICE_FAMILY = "1,2";
			};
			name = Debug;
		};
		8D0E58242D78621F00CC8FB8 /* Release */ = {
			isa = XCBuildConfiguration;
			buildSettings = {
				ASSETCATALOG_COMPILER_APPICON_NAME = AppIcon;
				ASSETCATALOG_COMPILER_GLOBAL_ACCENT_COLOR_NAME = AccentColor;
				CODE_SIGN_STYLE = Automatic;
				CURRENT_PROJECT_VERSION = 1;
				DEVELOPMENT_ASSET_PATHS = "\"MovieList/Preview Content\"";
				DEVELOPMENT_TEAM = R6G7L23BRG;
				ENABLE_PREVIEWS = YES;
				GENERATE_INFOPLIST_FILE = YES;
				INFOPLIST_KEY_UIApplicationSceneManifest_Generation = YES;
				INFOPLIST_KEY_UIApplicationSupportsIndirectInputEvents = YES;
				INFOPLIST_KEY_UILaunchScreen_Generation = YES;
				INFOPLIST_KEY_UISupportedInterfaceOrientations_iPad = "UIInterfaceOrientationPortrait UIInterfaceOrientationPortraitUpsideDown UIInterfaceOrientationLandscapeLeft UIInterfaceOrientationLandscapeRight";
				INFOPLIST_KEY_UISupportedInterfaceOrientations_iPhone = "UIInterfaceOrientationPortrait UIInterfaceOrientationLandscapeLeft UIInterfaceOrientationLandscapeRight";
				LD_RUNPATH_SEARCH_PATHS = (
					"$(inherited)",
					"@executable_path/Frameworks",
				);
				MARKETING_VERSION = 1.0;
				PRODUCT_BUNDLE_IDENTIFIER = com.AJS.MovieList;
				PRODUCT_NAME = "$(TARGET_NAME)";
				SWIFT_EMIT_LOC_STRINGS = YES;
				SWIFT_VERSION = 5.0;
				TARGETED_DEVICE_FAMILY = "1,2";
			};
			name = Release;
		};
/* End XCBuildConfiguration section */

/* Begin XCConfigurationList section */
		8D0E580F2D78621C00CC8FB8 /* Build configuration list for PBXProject "MovieList" */ = {
			isa = XCConfigurationList;
			buildConfigurations = (
				8D0E58202D78621F00CC8FB8 /* Debug */,
				8D0E58212D78621F00CC8FB8 /* Release */,
			);
			defaultConfigurationIsVisible = 0;
			defaultConfigurationName = Release;
		};
		8D0E58222D78621F00CC8FB8 /* Build configuration list for PBXNativeTarget "MovieList" */ = {
			isa = XCConfigurationList;
			buildConfigurations = (
				8D0E58232D78621F00CC8FB8 /* Debug */,
				8D0E58242D78621F00CC8FB8 /* Release */,
			);
			defaultConfigurationIsVisible = 0;
			defaultConfigurationName = Release;
		};
/* End XCConfigurationList section */

/* Begin XCRemoteSwiftPackageReference section */
		8D0E58252D7864F100CC8FB8 /* XCRemoteSwiftPackageReference "Alamofire" */ = {
			isa = XCRemoteSwiftPackageReference;
			repositoryURL = "https://github.com/Alamofire/Alamofire.git";
			requirement = {
				kind = upToNextMajorVersion;
				minimumVersion = 5.10.2;
			};
		};
/* End XCRemoteSwiftPackageReference section */

/* Begin XCSwiftPackageProductDependency section */
		8D0E58262D7864F100CC8FB8 /* Alamofire */ = {
			isa = XCSwiftPackageProductDependency;
			package = 8D0E58252D7864F100CC8FB8 /* XCRemoteSwiftPackageReference "Alamofire" */;
			productName = Alamofire;
		};
/* End XCSwiftPackageProductDependency section */
	};
	rootObject = 8D0E580C2D78621C00CC8FB8 /* Project object */;
}
